
Microsoft Visual Studio Solution File, Format Version 12.00
# Visual Studio Version 16
VisualStudioVersion = 16.0.32002.261
MinimumVisualStudioVersion = 10.0.40219.1
Project("{FAE04EC0-301F-11D3-BF4B-00C04F79EFBC}") = "RejuvinationStation", "RejuvinationStation.csproj", "{0ADD025C-166D-48B1-A32F-2AAD4AC0864B}"
EndProject
Global
	GlobalSection(SolutionConfigurationPlatforms) = preSolution
		Debug|Any CPU = Debug|Any CPU
		Release|Any CPU = Release|Any CPU
	EndGlobalSection
	GlobalSection(ProjectConfigurationPlatforms) = postSolution
		{0ADD025C-166D-48B1-A32F-2AAD4AC0864B}.Debug|Any CPU.ActiveCfg = Debug|Any CPU
		{0ADD025C-166D-48B1-A32F-2AAD4AC0864B}.Debug|Any CPU.Build.0 = Debug|Any CPU
		{0ADD025C-166D-48B1-A32F-2AAD4AC0864B}.Release|Any CPU.ActiveCfg = Release|Any CPU
		{0ADD025C-166D-48B1-A32F-2AAD4AC0864B}.Release|Any CPU.Build.0 = Release|Any CPU
	EndGlobalSection
	GlobalSection(SolutionProperties) = preSolution
		HideSolutionNode = FALSE
	EndGlobalSection
	GlobalSection(ExtensibilityGlobals) = postSolution
		SolutionGuid = {87AD684E-2269-4A0B-8FDF-8F786A4003B3}
	EndGlobalSection
EndGlobal
